{
  "requires": true,
  "lockfileVersion": 1,
  "dependencies": {
    "@shopify/app-bridge": {
      "version": "2.0.3",
      "resolved": "https://registry.npmjs.org/@shopify/app-bridge/-/app-bridge-2.0.3.tgz",
      "integrity": "sha512-qpf3O+rFXxD11zv7BSdpydfq712f1Ny4IHGm28+J1eC23GRul9UAYrAtjv5s72UhU++AtWNnYdXHDM/9MX8XHA==",
      "requires": {
        "base64url": "^3.0.1"
      }
    },
    "base64url": {
      "version": "3.0.1",
      "resolved": "https://registry.npmjs.org/base64url/-/base64url-3.0.1.tgz",
      "integrity": "sha512-ir1UPr3dkwexU7FdV8qBBbNDRUhMmIekYMFZfi+C/sLNnRESKPl23nB9b2pltqfOQNnGzsDdId90AEtG5tCx4A=="
    }
  }
}
